
Microsoft Visual Studio Solution File, Format Version 12.00
# Visual Studio Version 17
VisualStudioVersion = 17.3.32922.545
MinimumVisualStudioVersion = 10.0.40219.1
Project("{FAE04EC0-301F-11D3-BF4B-00C04F79EFBC}") = "GitRelease", "GitRelease.csproj", "{46BF8291-EC15-4B8B-BDEF-D555D44DF3FF}"
EndProject
Global
	GlobalSection(SolutionConfigurationPlatforms) = preSolution
		Debug|Any CPU = Debug|Any CPU
		Release|Any CPU = Release|Any CPU
	EndGlobalSection
	GlobalSection(ProjectConfigurationPlatforms) = postSolution
		{46BF8291-EC15-4B8B-BDEF-D555D44DF3FF}.Debug|Any CPU.ActiveCfg = Debug|Any CPU
		{46BF8291-EC15-4B8B-BDEF-D555D44DF3FF}.Debug|Any CPU.Build.0 = Debug|Any CPU
		{46BF8291-EC15-4B8B-BDEF-D555D44DF3FF}.Release|Any CPU.ActiveCfg = Release|Any CPU
		{46BF8291-EC15-4B8B-BDEF-D555D44DF3FF}.Release|Any CPU.Build.0 = Release|Any CPU
	EndGlobalSection
	GlobalSection(SolutionProperties) = preSolution
		HideSolutionNode = FALSE
	EndGlobalSection
	GlobalSection(ExtensibilityGlobals) = postSolution
		SolutionGuid = {04BB3179-C823-44D9-84A0-3021A10B9037}
	EndGlobalSection
EndGlobal
